
Microsoft Visual Studio Solution File, Format Version 12.00
# Visual Studio Version 17
VisualStudioVersion = 17.9.34607.119
MinimumVisualStudioVersion = 10.0.40219.1
Project("{9A19103F-16F7-4668-BE54-9A1E7A4F7556}") = "Whatsapp_Api.Presentation.WebApi", "Whatsapp_Api.Presentation.WebApi.csproj", "{82F24822-7FB8-4049-820D-4A4231EFAC8C}"
EndProject
Project("{9A19103F-16F7-4668-BE54-9A1E7A4F7556}") = "Whatsapp_Api.Core", "..\Core\Whatsapp_Api.Core.csproj", "{D782273F-FFC6-4C99-97F9-0A3601FDA130}"
EndProject
Project("{9A19103F-16F7-4668-BE54-9A1E7A4F7556}") = "Whatsapp_Api.Infraestructure", "..\Infraestructure\Whatsapp_Api.Infraestructure.csproj", "{9B92E32F-AE78-4D3F-B828-20163977D1BE}"
EndProject
Project("{9A19103F-16F7-4668-BE54-9A1E7A4F7556}") = "Whatsapp_Api.Application", "..\Application\Whatsapp_Api.Application.csproj", "{7BFDE1A7-8252-4E63-A047-1E6286478B46}"
EndProject
Project("{9A19103F-16F7-4668-BE54-9A1E7A4F7556}") = "Whatsapp_Api.Test", "..\Test\Whatsapp_Api.Test.csproj", "{08A65418-261B-48BC-A13A-9FCD4EE1A1AD}"
EndProject
Global
	GlobalSection(SolutionConfigurationPlatforms) = preSolution
		Debug|Any CPU = Debug|Any CPU
		Release|Any CPU = Release|Any CPU
	EndGlobalSection
	GlobalSection(ProjectConfigurationPlatforms) = postSolution
		{82F24822-7FB8-4049-820D-4A4231EFAC8C}.Debug|Any CPU.ActiveCfg = Debug|Any CPU
		{82F24822-7FB8-4049-820D-4A4231EFAC8C}.Debug|Any CPU.Build.0 = Debug|Any CPU
		{82F24822-7FB8-4049-820D-4A4231EFAC8C}.Release|Any CPU.ActiveCfg = Release|Any CPU
		{82F24822-7FB8-4049-820D-4A4231EFAC8C}.Release|Any CPU.Build.0 = Release|Any CPU
		{D782273F-FFC6-4C99-97F9-0A3601FDA130}.Debug|Any CPU.ActiveCfg = Debug|Any CPU
		{D782273F-FFC6-4C99-97F9-0A3601FDA130}.Debug|Any CPU.Build.0 = Debug|Any CPU
		{D782273F-FFC6-4C99-97F9-0A3601FDA130}.Release|Any CPU.ActiveCfg = Release|Any CPU
		{D782273F-FFC6-4C99-97F9-0A3601FDA130}.Release|Any CPU.Build.0 = Release|Any CPU
		{9B92E32F-AE78-4D3F-B828-20163977D1BE}.Debug|Any CPU.ActiveCfg = Debug|Any CPU
		{9B92E32F-AE78-4D3F-B828-20163977D1BE}.Debug|Any CPU.Build.0 = Debug|Any CPU
		{9B92E32F-AE78-4D3F-B828-20163977D1BE}.Release|Any CPU.ActiveCfg = Release|Any CPU
		{9B92E32F-AE78-4D3F-B828-20163977D1BE}.Release|Any CPU.Build.0 = Release|Any CPU
		{7BFDE1A7-8252-4E63-A047-1E6286478B46}.Debug|Any CPU.ActiveCfg = Debug|Any CPU
		{7BFDE1A7-8252-4E63-A047-1E6286478B46}.Debug|Any CPU.Build.0 = Debug|Any CPU
		{7BFDE1A7-8252-4E63-A047-1E6286478B46}.Release|Any CPU.ActiveCfg = Release|Any CPU
		{7BFDE1A7-8252-4E63-A047-1E6286478B46}.Release|Any CPU.Build.0 = Release|Any CPU
		{08A65418-261B-48BC-A13A-9FCD4EE1A1AD}.Debug|Any CPU.ActiveCfg = Debug|Any CPU
		{08A65418-261B-48BC-A13A-9FCD4EE1A1AD}.Debug|Any CPU.Build.0 = Debug|Any CPU
		{08A65418-261B-48BC-A13A-9FCD4EE1A1AD}.Release|Any CPU.ActiveCfg = Release|Any CPU
		{08A65418-261B-48BC-A13A-9FCD4EE1A1AD}.Release|Any CPU.Build.0 = Release|Any CPU
	EndGlobalSection
	GlobalSection(SolutionProperties) = preSolution
		HideSolutionNode = FALSE
	EndGlobalSection
	GlobalSection(ExtensibilityGlobals) = postSolution
		SolutionGuid = {FC79CB9B-8AFE-4B95-9131-77CEE99CA566}
	EndGlobalSection
EndGlobal
